
Microsoft Visual Studio Solution File, Format Version 12.00
# Visual Studio Version 17
VisualStudioVersion = 17.9.34728.123
MinimumVisualStudioVersion = 10.0.40219.1
Project("{9A19103F-16F7-4668-BE54-9A1E7A4F7556}") = "TiendaServicios.Api.Autor", "TiendaServicios\TiendaServicios.Api.Autor\TiendaServicios.Api.Autor.csproj", "{45D03CC8-BFFC-4B11-9A2E-9A54F1E95449}"
EndProject
Project("{9A19103F-16F7-4668-BE54-9A1E7A4F7556}") = "TiendaServicios.Api.Libro", "TiendaServicios\TiendaServicios.Api.Libro\TiendaServicios.Api.Libro.csproj", "{5983BDFF-2DCE-4EE2-8961-B90717220785}"
EndProject
Project("{9A19103F-16F7-4668-BE54-9A1E7A4F7556}") = "TiendaServicios.Api.CarritoCompras", "TiendaServicios.Api.CarritoCompras\TiendaServicios.Api.CarritoCompras.csproj", "{31E38EB5-577E-4537-A88B-A2F473A462AE}"
EndProject
Project("{FAE04EC0-301F-11D3-BF4B-00C04F79EFBC}") = "TiendaServicios.Api.Libro.Tests", "TiendaServicios.Api.Libro.Tests\TiendaServicios.Api.Libro.Tests.csproj", "{ACFB8A2C-3818-4AC3-9FFB-D33AEDA3EF5C}"
EndProject
Global
	GlobalSection(SolutionConfigurationPlatforms) = preSolution
		Debug|Any CPU = Debug|Any CPU
		Release|Any CPU = Release|Any CPU
	EndGlobalSection
	GlobalSection(ProjectConfigurationPlatforms) = postSolution
		{45D03CC8-BFFC-4B11-9A2E-9A54F1E95449}.Debug|Any CPU.ActiveCfg = Debug|Any CPU
		{45D03CC8-BFFC-4B11-9A2E-9A54F1E95449}.Debug|Any CPU.Build.0 = Debug|Any CPU
		{45D03CC8-BFFC-4B11-9A2E-9A54F1E95449}.Release|Any CPU.ActiveCfg = Release|Any CPU
		{45D03CC8-BFFC-4B11-9A2E-9A54F1E95449}.Release|Any CPU.Build.0 = Release|Any CPU
		{5983BDFF-2DCE-4EE2-8961-B90717220785}.Debug|Any CPU.ActiveCfg = Debug|Any CPU
		{5983BDFF-2DCE-4EE2-8961-B90717220785}.Debug|Any CPU.Build.0 = Debug|Any CPU
		{5983BDFF-2DCE-4EE2-8961-B90717220785}.Release|Any CPU.ActiveCfg = Release|Any CPU
		{5983BDFF-2DCE-4EE2-8961-B90717220785}.Release|Any CPU.Build.0 = Release|Any CPU
		{31E38EB5-577E-4537-A88B-A2F473A462AE}.Debug|Any CPU.ActiveCfg = Debug|Any CPU
		{31E38EB5-577E-4537-A88B-A2F473A462AE}.Debug|Any CPU.Build.0 = Debug|Any CPU
		{31E38EB5-577E-4537-A88B-A2F473A462AE}.Release|Any CPU.ActiveCfg = Release|Any CPU
		{31E38EB5-577E-4537-A88B-A2F473A462AE}.Release|Any CPU.Build.0 = Release|Any CPU
		{ACFB8A2C-3818-4AC3-9FFB-D33AEDA3EF5C}.Debug|Any CPU.ActiveCfg = Debug|Any CPU
		{ACFB8A2C-3818-4AC3-9FFB-D33AEDA3EF5C}.Debug|Any CPU.Build.0 = Debug|Any CPU
		{ACFB8A2C-3818-4AC3-9FFB-D33AEDA3EF5C}.Release|Any CPU.ActiveCfg = Release|Any CPU
		{ACFB8A2C-3818-4AC3-9FFB-D33AEDA3EF5C}.Release|Any CPU.Build.0 = Release|Any CPU
	EndGlobalSection
	GlobalSection(SolutionProperties) = preSolution
		HideSolutionNode = FALSE
	EndGlobalSection
	GlobalSection(ExtensibilityGlobals) = postSolution
		SolutionGuid = {9696F8BB-A3B0-4F38-997F-8F208CFF86C7}
	EndGlobalSection
EndGlobal
